// !$*UTF8*$!
{
	archiveVersion = 1;
	classes = {
	};
	objectVersion = 77;
	objects = {

/* Begin PBXBuildFile section */
		3FE8C1382EA3EE6400236691 /* ThaiKeyboardExtension.appex in Embed Foundation Extensions */ = {isa = PBXBuildFile; fileRef = 3FE8C1312EA3EE6400236691 /* ThaiKeyboardExtension.appex */; settings = {ATTRIBUTES = (RemoveHeadersOnCopy, ); }; };
		3FE8C1642EA3F01000236691 /* Extensions.swift in Sources */ = {isa = PBXBuildFile; fileRef = 3FE8C1602EA3EFDE00236691 /* Extensions.swift */; };
		3FE8C1652EA3F01000236691 /* Extensions.swift in Sources */ = {isa = PBXBuildFile; fileRef = 3FE8C1602EA3EFDE00236691 /* Extensions.swift */; };
		3FE8C16C2EA4B4DB00236691 /* KeyboardKit in Frameworks */ = {isa = PBXBuildFile; productRef = 3FE8C16B2EA4B4DB00236691 /* KeyboardKit */; };
		3FE8C1702EA4B50E00236691 /* KeyboardApp+Thai.swift in Sources */ = {isa = PBXBuildFile; fileRef = 3FE8C16F2EA4B50E00236691 /* KeyboardApp+Thai.swift */; };
		3FE8C1712EA4B50E00236691 /* KeyboardApp+Thai.swift in Sources */ = {isa = PBXBuildFile; fileRef = 3FE8C16F2EA4B50E00236691 /* KeyboardApp+Thai.swift */; };
		3FE8C1732EA4B86300236691 /* Constants.swift in Sources */ = {isa = PBXBuildFile; fileRef = 3FE8C1722EA4B86300236691 /* Constants.swift */; };
		3FE8C1742EA4B86300236691 /* Constants.swift in Sources */ = {isa = PBXBuildFile; fileRef = 3FE8C1722EA4B86300236691 /* Constants.swift */; };
		3FE8C17D2EA4C2DB00236691 /* KeyboardKit in Frameworks */ = {isa = PBXBuildFile; productRef = 3FE8C17C2EA4C2DB00236691 /* KeyboardKit */; };
/* End PBXBuildFile section */

/* Begin PBXContainerItemProxy section */
		3FE8C1362EA3EE6400236691 /* PBXContainerItemProxy */ = {
			isa = PBXContainerItemProxy;
			containerPortal = 3FE8C1172EA3EDA800236691 /* Project object */;
			proxyType = 1;
			remoteGlobalIDString = 3FE8C1302EA3EE6400236691;
			remoteInfo = ThaiKeyboardExtension;
		};
/* End PBXContainerItemProxy section */

/* Begin PBXCopyFilesBuildPhase section */
		3FE8C13D2EA3EE6400236691 /* Embed Foundation Extensions */ = {
			isa = PBXCopyFilesBuildPhase;
			buildActionMask = 2147483647;
			dstPath = "";
			dstSubfolderSpec = 13;
			files = (
				3FE8C1382EA3EE6400236691 /* ThaiKeyboardExtension.appex in Embed Foundation Extensions */,
			);
			name = "Embed Foundation Extensions";
			runOnlyForDeploymentPostprocessing = 0;
		};
/* End PBXCopyFilesBuildPhase section */

/* Begin PBXFileReference section */
		3FE8C11F2EA3EDA800236691 /* ThaiPhoneticKeyboard.app */ = {isa = PBXFileReference; explicitFileType = wrapper.application; includeInIndex = 0; path = ThaiPhoneticKeyboard.app; sourceTree = BUILT_PRODUCTS_DIR; };
		3FE8C1312EA3EE6400236691 /* ThaiKeyboardExtension.appex */ = {isa = PBXFileReference; explicitFileType = "wrapper.app-extension"; includeInIndex = 0; path = ThaiKeyboardExtension.appex; sourceTree = BUILT_PRODUCTS_DIR; };
		3FE8C1602EA3EFDE00236691 /* Extensions.swift */ = {isa = PBXFileReference; lastKnownFileType = sourcecode.swift; path = Extensions.swift; sourceTree = "<group>"; };
		3FE8C16F2EA4B50E00236691 /* KeyboardApp+Thai.swift */ = {isa = PBXFileReference; lastKnownFileType = sourcecode.swift; path = "KeyboardApp+Thai.swift"; sourceTree = "<group>"; };
		3FE8C1722EA4B86300236691 /* Constants.swift */ = {isa = PBXFileReference; lastKnownFileType = sourcecode.swift; path = Constants.swift; sourceTree = "<group>"; };
/* End PBXFileReference section */

/* Begin PBXFileSystemSynchronizedBuildFileExceptionSet section */
		3FE8C1392EA3EE6400236691 /* Exceptions for "ThaiKeyboardExtension" folder in "ThaiKeyboardExtension" target */ = {
			isa = PBXFileSystemSynchronizedBuildFileExceptionSet;
			membershipExceptions = (
				Info.plist,
			);
			target = 3FE8C1302EA3EE6400236691 /* ThaiKeyboardExtension */;
		};
		3FE8C1682EA3F04500236691 /* Exceptions for "ThaiKeyboardExtension" folder in "ThaiPhoneticKeyboard" target */ = {
			isa = PBXFileSystemSynchronizedBuildFileExceptionSet;
			membershipExceptions = (
				Resources/dictionary.json,
				Resources/ngram_frequencies.json,
			);
			target = 3FE8C11E2EA3EDA800236691 /* ThaiPhoneticKeyboard */;
		};
		3FE8C1692EA3F11A00236691 /* Exceptions for "ThaiPhoneticKeyboard" folder in "ThaiPhoneticKeyboard" target */ = {
			isa = PBXFileSystemSynchronizedBuildFileExceptionSet;
			membershipExceptions = (
				Info.plist,
			);
			target = 3FE8C11E2EA3EDA800236691 /* ThaiPhoneticKeyboard */;
		};
/* End PBXFileSystemSynchronizedBuildFileExceptionSet section */

/* Begin PBXFileSystemSynchronizedRootGroup section */
		3FE8C1212EA3EDA800236691 /* ThaiPhoneticKeyboard */ = {
			isa = PBXFileSystemSynchronizedRootGroup;
			exceptions = (
				3FE8C1692EA3F11A00236691 /* Exceptions for "ThaiPhoneticKeyboard" folder in "ThaiPhoneticKeyboard" target */,
			);
			path = ThaiPhoneticKeyboard;
			sourceTree = "<group>";
		};
		3FE8C1322EA3EE6400236691 /* ThaiKeyboardExtension */ = {
			isa = PBXFileSystemSynchronizedRootGroup;
			exceptions = (
				3FE8C1682EA3F04500236691 /* Exceptions for "ThaiKeyboardExtension" folder in "ThaiPhoneticKeyboard" target */,
				3FE8C1392EA3EE6400236691 /* Exceptions for "ThaiKeyboardExtension" folder in "ThaiKeyboardExtension" target */,
			);
			path = ThaiKeyboardExtension;
			sourceTree = "<group>";
		};
/* End PBXFileSystemSynchronizedRootGroup section */

/* Begin PBXFrameworksBuildPhase section */
		3FE8C11C2EA3EDA800236691 /* Frameworks */ = {
			isa = PBXFrameworksBuildPhase;
			buildActionMask = 2147483647;
			files = (
				3FE8C16C2EA4B4DB00236691 /* KeyboardKit in Frameworks */,
			);
			runOnlyForDeploymentPostprocessing = 0;
		};
		3FE8C12E2EA3EE6400236691 /* Frameworks */ = {
			isa = PBXFrameworksBuildPhase;
			buildActionMask = 2147483647;
			files = (
				3FE8C17D2EA4C2DB00236691 /* KeyboardKit in Frameworks */,
			);
			runOnlyForDeploymentPostprocessing = 0;
		};
/* End PBXFrameworksBuildPhase section */

/* Begin PBXGroup section */
		3FE8C1162EA3EDA800236691 = {
			isa = PBXGroup;
			children = (
				3FE8C1212EA3EDA800236691 /* ThaiPhoneticKeyboard */,
				3FE8C1322EA3EE6400236691 /* ThaiKeyboardExtension */,
				3FE8C1202EA3EDA800236691 /* Products */,
				3FE8C1612EA3EFDE00236691 /* Shared */,
				3FE8C17B2EA4C2DB00236691 /* Frameworks */,
			);
			sourceTree = "<group>";
		};
		3FE8C1202EA3EDA800236691 /* Products */ = {
			isa = PBXGroup;
			children = (
				3FE8C11F2EA3EDA800236691 /* ThaiPhoneticKeyboard.app */,
				3FE8C1312EA3EE6400236691 /* ThaiKeyboardExtension.appex */,
			);
			name = Products;
			sourceTree = "<group>";
		};
		3FE8C1612EA3EFDE00236691 /* Shared */ = {
			isa = PBXGroup;
			children = (
				3FE8C1722EA4B86300236691 /* Constants.swift */,
				3FE8C16F2EA4B50E00236691 /* KeyboardApp+Thai.swift */,
				3FE8C1602EA3EFDE00236691 /* Extensions.swift */,
			);
			path = Shared;
			sourceTree = "<group>";
		};
		3FE8C17B2EA4C2DB00236691 /* Frameworks */ = {
			isa = PBXGroup;
			children = (
			);
			name = Frameworks;
			sourceTree = "<group>";
		};
/* End PBXGroup section */

/* Begin PBXNativeTarget section */
		3FE8C11E2EA3EDA800236691 /* ThaiPhoneticKeyboard */ = {
			isa = PBXNativeTarget;
			buildConfigurationList = 3FE8C12A2EA3EDA900236691 /* Build configuration list for PBXNativeTarget "ThaiPhoneticKeyboard" */;
			buildPhases = (
				3FE8C11B2EA3EDA800236691 /* Sources */,
				3FE8C11C2EA3EDA800236691 /* Frameworks */,
				3FE8C11D2EA3EDA800236691 /* Resources */,
				3FE8C13D2EA3EE6400236691 /* Embed Foundation Extensions */,
			);
			buildRules = (
			);
			dependencies = (
				3FE8C1372EA3EE6400236691 /* PBXTargetDependency */,
			);
			fileSystemSynchronizedGroups = (
				3FE8C1212EA3EDA800236691 /* ThaiPhoneticKeyboard */,
			);
			name = ThaiPhoneticKeyboard;
			packageProductDependencies = (
				3FE8C16B2EA4B4DB00236691 /* KeyboardKit */,
			);
			productName = ThaiPhoneticKeyboard;
			productReference = 3FE8C11F2EA3EDA800236691 /* ThaiPhoneticKeyboard.app */;
			productType = "com.apple.product-type.application";
		};
		3FE8C1302EA3EE6400236691 /* ThaiKeyboardExtension */ = {
			isa = PBXNativeTarget;
			buildConfigurationList = 3FE8C13A2EA3EE6400236691 /* Build configuration list for PBXNativeTarget "ThaiKeyboardExtension" */;
			buildPhases = (
				3FE8C12D2EA3EE6400236691 /* Sources */,
				3FE8C12E2EA3EE6400236691 /* Frameworks */,
				3FE8C12F2EA3EE6400236691 /* Resources */,
			);
			buildRules = (
			);
			dependencies = (
			);
			fileSystemSynchronizedGroups = (
				3FE8C1322EA3EE6400236691 /* ThaiKeyboardExtension */,
			);
			name = ThaiKeyboardExtension;
			packageProductDependencies = (
				3FE8C17C2EA4C2DB00236691 /* KeyboardKit */,
			);
			productName = ThaiKeyboardExtension;
			productReference = 3FE8C1312EA3EE6400236691 /* ThaiKeyboardExtension.appex */;
			productType = "com.apple.product-type.app-extension";
		};
/* End PBXNativeTarget section */

/* Begin PBXProject section */
		3FE8C1172EA3EDA800236691 /* Project object */ = {
			isa = PBXProject;
			attributes = {
				BuildIndependentTargetsInParallel = 1;
				LastSwiftUpdateCheck = 2600;
				LastUpgradeCheck = 2600;
				TargetAttributes = {
					3FE8C11E2EA3EDA800236691 = {
						CreatedOnToolsVersion = 26.0.1;
					};
					3FE8C1302EA3EE6400236691 = {
						CreatedOnToolsVersion = 26.0.1;
					};
				};
			};
			buildConfigurationList = 3FE8C11A2EA3EDA800236691 /* Build configuration list for PBXProject "ThaiPhoneticKeyboard" */;
			developmentRegion = en;
			hasScannedForEncodings = 0;
			knownRegions = (
				en,
				Base,
			);
			mainGroup = 3FE8C1162EA3EDA800236691;
			minimizedProjectReferenceProxies = 1;
			packageReferences = (
				3FE8C16A2EA4B4DB00236691 /* XCRemoteSwiftPackageReference "KeyboardKit" */,
			);
			preferredProjectObjectVersion = 77;
			productRefGroup = 3FE8C1202EA3EDA800236691 /* Products */;
			projectDirPath = "";
			projectRoot = "";
			targets = (
				3FE8C11E2EA3EDA800236691 /* ThaiPhoneticKeyboard */,
				3FE8C1302EA3EE6400236691 /* ThaiKeyboardExtension */,
			);
		};
/* End PBXProject section */

/* Begin PBXResourcesBuildPhase section */
		3FE8C11D2EA3EDA800236691 /* Resources */ = {
			isa = PBXResourcesBuildPhase;
			buildActionMask = 2147483647;
			files = (
			);
			runOnlyForDeploymentPostprocessing = 0;
		};
		3FE8C12F2EA3EE6400236691 /* Resources */ = {
			isa = PBXResourcesBuildPhase;
			buildActionMask = 2147483647;
			files = (
			);
			runOnlyForDeploymentPostprocessing = 0;
		};
/* End PBXResourcesBuildPhase section */

/* Begin PBXSourcesBuildPhase section */
		3FE8C11B2EA3EDA800236691 /* Sources */ = {
			isa = PBXSourcesBuildPhase;
			buildActionMask = 2147483647;
			files = (
				3FE8C1642EA3F01000236691 /* Extensions.swift in Sources */,
				3FE8C1702EA4B50E00236691 /* KeyboardApp+Thai.swift in Sources */,
				3FE8C1732EA4B86300236691 /* Constants.swift in Sources */,
			);
			runOnlyForDeploymentPostprocessing = 0;
		};
		3FE8C12D2EA3EE6400236691 /* Sources */ = {
			isa = PBXSourcesBuildPhase;
			buildActionMask = 2147483647;
			files = (
				3FE8C1712EA4B50E00236691 /* KeyboardApp+Thai.swift in Sources */,
				3FE8C1742EA4B86300236691 /* Constants.swift in Sources */,
				3FE8C1652EA3F01000236691 /* Extensions.swift in Sources */,
			);
			runOnlyForDeploymentPostprocessing = 0;
		};
/* End PBXSourcesBuildPhase section */

/* Begin PBXTargetDependency section */
		3FE8C1372EA3EE6400236691 /* PBXTargetDependency */ = {
			isa = PBXTargetDependency;
			target = 3FE8C1302EA3EE6400236691 /* ThaiKeyboardExtension */;
			targetProxy = 3FE8C1362EA3EE6400236691 /* PBXContainerItemProxy */;
		};
/* End PBXTargetDependency section */

/* Begin XCBuildConfiguration section */
		3FE8C1282EA3EDA900236691 /* Debug */ = {
			isa = XCBuildConfiguration;
			buildSettings = {
				ALWAYS_SEARCH_USER_PATHS = NO;
				ASSETCATALOG_COMPILER_GENERATE_SWIFT_ASSET_SYMBOL_EXTENSIONS = YES;
				CLANG_ANALYZER_NONNULL = YES;
				CLANG_ANALYZER_NUMBER_OBJECT_CONVERSION = YES_AGGRESSIVE;
				CLANG_CXX_LANGUAGE_STANDARD = "gnu++20";
				CLANG_ENABLE_MODULES = YES;
				CLANG_ENABLE_OBJC_ARC = YES;
				CLANG_ENABLE_OBJC_WEAK = YES;
				CLANG_WARN_BLOCK_CAPTURE_AUTORELEASING = YES;
				CLANG_WARN_BOOL_CONVERSION = YES;
				CLANG_WARN_COMMA = YES;
				CLANG_WARN_CONSTANT_CONVERSION = YES;
				CLANG_WARN_DEPRECATED_OBJC_IMPLEMENTATIONS = YES;
				CLANG_WARN_DIRECT_OBJC_ISA_USAGE = YES_ERROR;
				CLANG_WARN_DOCUMENTATION_COMMENTS = YES;
				CLANG_WARN_EMPTY_BODY = YES;
				CLANG_WARN_ENUM_CONVERSION = YES;
				CLANG_WARN_INFINITE_RECURSION = YES;
				CLANG_WARN_INT_CONVERSION = YES;
				CLANG_WARN_NON_LITERAL_NULL_CONVERSION = YES;
				CLANG_WARN_OBJC_IMPLICIT_RETAIN_SELF = YES;
				CLANG_WARN_OBJC_LITERAL_CONVERSION = YES;
				CLANG_WARN_OBJC_ROOT_CLASS = YES_ERROR;
				CLANG_WARN_QUOTED_INCLUDE_IN_FRAMEWORK_HEADER = YES;
				CLANG_WARN_RANGE_LOOP_ANALYSIS = YES;
				CLANG_WARN_STRICT_PROTOTYPES = YES;
				CLANG_WARN_SUSPICIOUS_MOVE = YES;
				CLANG_WARN_UNGUARDED_AVAILABILITY = YES_AGGRESSIVE;
				CLANG_WARN_UNREACHABLE_CODE = YES;
				CLANG_WARN__DUPLICATE_METHOD_MATCH = YES;
				COPY_PHASE_STRIP = NO;
				DEBUG_INFORMATION_FORMAT = dwarf;
				DEVELOPMENT_TEAM = UC22W52F8S;
				ENABLE_STRICT_OBJC_MSGSEND = YES;
				ENABLE_TESTABILITY = YES;
				ENABLE_USER_SCRIPT_SANDBOXING = YES;
				GCC_C_LANGUAGE_STANDARD = gnu17;
				GCC_DYNAMIC_NO_PIC = NO;
				GCC_NO_COMMON_BLOCKS = YES;
				GCC_OPTIMIZATION_LEVEL = 0;
				GCC_PREPROCESSOR_DEFINITIONS = (
					"DEBUG=1",
					"$(inherited)",
				);
				GCC_WARN_64_TO_32_BIT_CONVERSION = YES;
				GCC_WARN_ABOUT_RETURN_TYPE = YES_ERROR;
				GCC_WARN_UNDECLARED_SELECTOR = YES;
				GCC_WARN_UNINITIALIZED_AUTOS = YES_AGGRESSIVE;
				GCC_WARN_UNUSED_FUNCTION = YES;
				GCC_WARN_UNUSED_VARIABLE = YES;
				IPHONEOS_DEPLOYMENT_TARGET = 26.0;
				LOCALIZATION_PREFERS_STRING_CATALOGS = YES;
				MTL_ENABLE_DEBUG_INFO = INCLUDE_SOURCE;
				MTL_FAST_MATH = YES;
				ONLY_ACTIVE_ARCH = YES;
				SDKROOT = iphoneos;
				SWIFT_ACTIVE_COMPILATION_CONDITIONS = "DEBUG $(inherited)";
				SWIFT_OPTIMIZATION_LEVEL = "-Onone";
			};
			name = Debug;
		};
		3FE8C1292EA3EDA900236691 /* Release */ = {
			isa = XCBuildConfiguration;
			buildSettings = {
				ALWAYS_SEARCH_USER_PATHS = NO;
				ASSETCATALOG_COMPILER_GENERATE_SWIFT_ASSET_SYMBOL_EXTENSIONS = YES;
				CLANG_ANALYZER_NONNULL = YES;
				CLANG_ANALYZER_NUMBER_OBJECT_CONVERSION = YES_AGGRESSIVE;
				CLANG_CXX_LANGUAGE_STANDARD = "gnu++20";
				CLANG_ENABLE_MODULES = YES;
				CLANG_ENABLE_OBJC_ARC = YES;
				CLANG_ENABLE_OBJC_WEAK = YES;
				CLANG_WARN_BLOCK_CAPTURE_AUTORELEASING = YES;
				CLANG_WARN_BOOL_CONVERSION = YES;
				CLANG_WARN_COMMA = YES;
				CLANG_WARN_CONSTANT_CONVERSION = YES;
				CLANG_WARN_DEPRECATED_OBJC_IMPLEMENTATIONS = YES;
				CLANG_WARN_DIRECT_OBJC_ISA_USAGE = YES_ERROR;
				CLANG_WARN_DOCUMENTATION_COMMENTS = YES;
				CLANG_WARN_EMPTY_BODY = YES;
				CLANG_WARN_ENUM_CONVERSION = YES;
				CLANG_WARN_INFINITE_RECURSION = YES;
				CLANG_WARN_INT_CONVERSION = YES;
				CLANG_WARN_NON_LITERAL_NULL_CONVERSION = YES;
				CLANG_WARN_OBJC_IMPLICIT_RETAIN_SELF = YES;
				CLANG_WARN_OBJC_LITERAL_CONVERSION = YES;
				CLANG_WARN_OBJC_ROOT_CLASS = YES_ERROR;
				CLANG_WARN_QUOTED_INCLUDE_IN_FRAMEWORK_HEADER = YES;
				CLANG_WARN_RANGE_LOOP_ANALYSIS = YES;
				CLANG_WARN_STRICT_PROTOTYPES = YES;
				CLANG_WARN_SUSPICIOUS_MOVE = YES;
				CLANG_WARN_UNGUARDED_AVAILABILITY = YES_AGGRESSIVE;
				CLANG_WARN_UNREACHABLE_CODE = YES;
				CLANG_WARN__DUPLICATE_METHOD_MATCH = YES;
				COPY_PHASE_STRIP = NO;
				DEBUG_INFORMATION_FORMAT = "dwarf-with-dsym";
				DEVELOPMENT_TEAM = UC22W52F8S;
				ENABLE_NS_ASSERTIONS = NO;
				ENABLE_STRICT_OBJC_MSGSEND = YES;
				ENABLE_USER_SCRIPT_SANDBOXING = YES;
				GCC_C_LANGUAGE_STANDARD = gnu17;
				GCC_NO_COMMON_BLOCKS = YES;
				GCC_WARN_64_TO_32_BIT_CONVERSION = YES;
				GCC_WARN_ABOUT_RETURN_TYPE = YES_ERROR;
				GCC_WARN_UNDECLARED_SELECTOR = YES;
				GCC_WARN_UNINITIALIZED_AUTOS = YES_AGGRESSIVE;
				GCC_WARN_UNUSED_FUNCTION = YES;
				GCC_WARN_UNUSED_VARIABLE = YES;
				IPHONEOS_DEPLOYMENT_TARGET = 26.0;
				LOCALIZATION_PREFERS_STRING_CATALOGS = YES;
				MTL_ENABLE_DEBUG_INFO = NO;
				MTL_FAST_MATH = YES;
				SDKROOT = iphoneos;
				SWIFT_COMPILATION_MODE = wholemodule;
				VALIDATE_PRODUCT = YES;
			};
			name = Release;
		};
		3FE8C12B2EA3EDA900236691 /* Debug */ = {
			isa = XCBuildConfiguration;
			buildSettings = {
				ASSETCATALOG_COMPILER_APPICON_NAME = AppIcon;
				ASSETCATALOG_COMPILER_GLOBAL_ACCENT_COLOR_NAME = AccentColor;
				CODE_SIGN_STYLE = Automatic;
				CURRENT_PROJECT_VERSION = 1;
				DEVELOPMENT_TEAM = UC22W52F8S;
				ENABLE_PREVIEWS = YES;
				GENERATE_INFOPLIST_FILE = YES;
				INFOPLIST_KEY_UIApplicationSceneManifest_Generation = YES;
				INFOPLIST_KEY_UIApplicationSupportsIndirectInputEvents = YES;
				INFOPLIST_KEY_UILaunchScreen_Generation = YES;
				INFOPLIST_KEY_UISupportedInterfaceOrientations_iPad = "UIInterfaceOrientationPortrait UIInterfaceOrientationPortraitUpsideDown UIInterfaceOrientationLandscapeLeft UIInterfaceOrientationLandscapeRight";
				INFOPLIST_KEY_UISupportedInterfaceOrientations_iPhone = "UIInterfaceOrientationPortrait UIInterfaceOrientationLandscapeLeft UIInterfaceOrientationLandscapeRight";
				IPHONEOS_DEPLOYMENT_TARGET = 18.6;
				LD_RUNPATH_SEARCH_PATHS = (
					"$(inherited)",
					"@executable_path/Frameworks",
				);
				MARKETING_VERSION = 1.0;
				PRODUCT_BUNDLE_IDENTIFIER = com.fsonntag.ThaiPhoneticKeyboard;
				PRODUCT_NAME = "$(TARGET_NAME)";
				STRING_CATALOG_GENERATE_SYMBOLS = YES;
				SWIFT_APPROACHABLE_CONCURRENCY = YES;
				SWIFT_DEFAULT_ACTOR_ISOLATION = MainActor;
				SWIFT_EMIT_LOC_STRINGS = YES;
				SWIFT_UPCOMING_FEATURE_MEMBER_IMPORT_VISIBILITY = YES;
				SWIFT_VERSION = 5.0;
				TARGETED_DEVICE_FAMILY = "1,2";
			};
			name = Debug;
		};
		3FE8C12C2EA3EDA900236691 /* Release */ = {
			isa = XCBuildConfiguration;
			buildSettings = {
				ASSETCATALOG_COMPILER_APPICON_NAME = AppIcon;
				ASSETCATALOG_COMPILER_GLOBAL_ACCENT_COLOR_NAME = AccentColor;
				CODE_SIGN_STYLE = Automatic;
				CURRENT_PROJECT_VERSION = 1;
				DEVELOPMENT_TEAM = UC22W52F8S;
				ENABLE_PREVIEWS = YES;
				GENERATE_INFOPLIST_FILE = YES;
				INFOPLIST_KEY_UIApplicationSceneManifest_Generation = YES;
				INFOPLIST_KEY_UIApplicationSupportsIndirectInputEvents = YES;
				INFOPLIST_KEY_UILaunchScreen_Generation = YES;
				INFOPLIST_KEY_UISupportedInterfaceOrientations_iPad = "UIInterfaceOrientationPortrait UIInterfaceOrientationPortraitUpsideDown UIInterfaceOrientationLandscapeLeft UIInterfaceOrientationLandscapeRight";
				INFOPLIST_KEY_UISupportedInterfaceOrientations_iPhone = "UIInterfaceOrientationPortrait UIInterfaceOrientationLandscapeLeft UIInterfaceOrientationLandscapeRight";
				IPHONEOS_DEPLOYMENT_TARGET = 18.6;
				LD_RUNPATH_SEARCH_PATHS = (
					"$(inherited)",
					"@executable_path/Frameworks",
				);
				MARKETING_VERSION = 1.0;
				PRODUCT_BUNDLE_IDENTIFIER = com.fsonntag.ThaiPhoneticKeyboard;
				PRODUCT_NAME = "$(TARGET_NAME)";
				STRING_CATALOG_GENERATE_SYMBOLS = YES;
				SWIFT_APPROACHABLE_CONCURRENCY = YES;
				SWIFT_DEFAULT_ACTOR_ISOLATION = MainActor;
				SWIFT_EMIT_LOC_STRINGS = YES;
				SWIFT_UPCOMING_FEATURE_MEMBER_IMPORT_VISIBILITY = YES;
				SWIFT_VERSION = 5.0;
				TARGETED_DEVICE_FAMILY = "1,2";
			};
			name = Release;
		};
		3FE8C13B2EA3EE6400236691 /* Debug */ = {
			isa = XCBuildConfiguration;
			buildSettings = {
				CODE_SIGN_STYLE = Automatic;
				CURRENT_PROJECT_VERSION = 1;
				DEVELOPMENT_TEAM = UC22W52F8S;
				GENERATE_INFOPLIST_FILE = YES;
				INFOPLIST_FILE = ThaiKeyboardExtension/Info.plist;
				INFOPLIST_KEY_CFBundleDisplayName = ThaiKeyboardExtension;
				INFOPLIST_KEY_NSHumanReadableCopyright = "";
				IPHONEOS_DEPLOYMENT_TARGET = 18.6;
				LD_RUNPATH_SEARCH_PATHS = (
					"$(inherited)",
					"@executable_path/Frameworks",
					"@executable_path/../../Frameworks",
				);
				MARKETING_VERSION = 1.0;
				PRODUCT_BUNDLE_IDENTIFIER = com.fsonntag.ThaiPhoneticKeyboard.ThaiKeyboardExtension;
				PRODUCT_NAME = "$(TARGET_NAME)";
				SKIP_INSTALL = YES;
				STRING_CATALOG_GENERATE_SYMBOLS = YES;
				SWIFT_APPROACHABLE_CONCURRENCY = YES;
				SWIFT_EMIT_LOC_STRINGS = YES;
				SWIFT_UPCOMING_FEATURE_MEMBER_IMPORT_VISIBILITY = YES;
				SWIFT_VERSION = 5.0;
				TARGETED_DEVICE_FAMILY = "1,2";
			};
			name = Debug;
		};
		3FE8C13C2EA3EE6400236691 /* Release */ = {
			isa = XCBuildConfiguration;
			buildSettings = {
				CODE_SIGN_STYLE = Automatic;
				CURRENT_PROJECT_VERSION = 1;
				DEVELOPMENT_TEAM = UC22W52F8S;
				GENERATE_INFOPLIST_FILE = YES;
				INFOPLIST_FILE = ThaiKeyboardExtension/Info.plist;
				INFOPLIST_KEY_CFBundleDisplayName = ThaiKeyboardExtension;
				INFOPLIST_KEY_NSHumanReadableCopyright = "";
				IPHONEOS_DEPLOYMENT_TARGET = 18.6;
				LD_RUNPATH_SEARCH_PATHS = (
					"$(inherited)",
					"@executable_path/Frameworks",
					"@executable_path/../../Frameworks",
				);
				MARKETING_VERSION = 1.0;
				PRODUCT_BUNDLE_IDENTIFIER = com.fsonntag.ThaiPhoneticKeyboard.ThaiKeyboardExtension;
				PRODUCT_NAME = "$(TARGET_NAME)";
				SKIP_INSTALL = YES;
				STRING_CATALOG_GENERATE_SYMBOLS = YES;
				SWIFT_APPROACHABLE_CONCURRENCY = YES;
				SWIFT_EMIT_LOC_STRINGS = YES;
				SWIFT_UPCOMING_FEATURE_MEMBER_IMPORT_VISIBILITY = YES;
				SWIFT_VERSION = 5.0;
				TARGETED_DEVICE_FAMILY = "1,2";
			};
			name = Release;
		};
/* End XCBuildConfiguration section */

/* Begin XCConfigurationList section */
		3FE8C11A2EA3EDA800236691 /* Build configuration list for PBXProject "ThaiPhoneticKeyboard" */ = {
			isa = XCConfigurationList;
			buildConfigurations = (
				3FE8C1282EA3EDA900236691 /* Debug */,
				3FE8C1292EA3EDA900236691 /* Release */,
			);
			defaultConfigurationIsVisible = 0;
			defaultConfigurationName = Release;
		};
		3FE8C12A2EA3EDA900236691 /* Build configuration list for PBXNativeTarget "ThaiPhoneticKeyboard" */ = {
			isa = XCConfigurationList;
			buildConfigurations = (
				3FE8C12B2EA3EDA900236691 /* Debug */,
				3FE8C12C2EA3EDA900236691 /* Release */,
			);
			defaultConfigurationIsVisible = 0;
			defaultConfigurationName = Release;
		};
		3FE8C13A2EA3EE6400236691 /* Build configuration list for PBXNativeTarget "ThaiKeyboardExtension" */ = {
			isa = XCConfigurationList;
			buildConfigurations = (
				3FE8C13B2EA3EE6400236691 /* Debug */,
				3FE8C13C2EA3EE6400236691 /* Release */,
			);
			defaultConfigurationIsVisible = 0;
			defaultConfigurationName = Release;
		};
/* End XCConfigurationList section */

/* Begin XCRemoteSwiftPackageReference section */
		3FE8C16A2EA4B4DB00236691 /* XCRemoteSwiftPackageReference "KeyboardKit" */ = {
			isa = XCRemoteSwiftPackageReference;
			repositoryURL = "https://github.com/KeyboardKit/KeyboardKit";
			requirement = {
				kind = upToNextMajorVersion;
				minimumVersion = 10.0.4;
			};
		};
/* End XCRemoteSwiftPackageReference section */

/* Begin XCSwiftPackageProductDependency section */
		3FE8C16B2EA4B4DB00236691 /* KeyboardKit */ = {
			isa = XCSwiftPackageProductDependency;
			package = 3FE8C16A2EA4B4DB00236691 /* XCRemoteSwiftPackageReference "KeyboardKit" */;
			productName = KeyboardKit;
		};
		3FE8C17C2EA4C2DB00236691 /* KeyboardKit */ = {
			isa = XCSwiftPackageProductDependency;
			package = 3FE8C16A2EA4B4DB00236691 /* XCRemoteSwiftPackageReference "KeyboardKit" */;
			productName = KeyboardKit;
		};
/* End XCSwiftPackageProductDependency section */
	};
	rootObject = 3FE8C1172EA3EDA800236691 /* Project object */;
}
